
Microsoft Visual Studio Solution File, Format Version 12.00
# Visual Studio Version 17
VisualStudioVersion = 17.4.33205.214
MinimumVisualStudioVersion = 10.0.40219.1
Project("{FAE04EC0-301F-11D3-BF4B-00C04F79EFBC}") = "Yahtzee", "Yahtzee\Yahtzee.csproj", "{D95E9197-8CB6-4721-ABB9-F1D2A0F9C439}"
EndProject
Global
	GlobalSection(SolutionConfigurationPlatforms) = preSolution
		Debug|Any CPU = Debug|Any CPU
		Release|Any CPU = Release|Any CPU
	EndGlobalSection
	GlobalSection(ProjectConfigurationPlatforms) = postSolution
		{D95E9197-8CB6-4721-ABB9-F1D2A0F9C439}.Debug|Any CPU.ActiveCfg = Debug|Any CPU
		{D95E9197-8CB6-4721-ABB9-F1D2A0F9C439}.Debug|Any CPU.Build.0 = Debug|Any CPU
		{D95E9197-8CB6-4721-ABB9-F1D2A0F9C439}.Release|Any CPU.ActiveCfg = Release|Any CPU
		{D95E9197-8CB6-4721-ABB9-F1D2A0F9C439}.Release|Any CPU.Build.0 = Release|Any CPU
	EndGlobalSection
	GlobalSection(SolutionProperties) = preSolution
		HideSolutionNode = FALSE
	EndGlobalSection
	GlobalSection(ExtensibilityGlobals) = postSolution
		SolutionGuid = {95CCF7E1-4369-438B-B248-8478FAAC821A}
	EndGlobalSection
EndGlobal
